
Microsoft Visual Studio Solution File, Format Version 12.00
# Visual Studio Version 17
VisualStudioVersion = 17.4.33122.133
MinimumVisualStudioVersion = 10.0.40219.1
Project("{FAE04EC0-301F-11D3-BF4B-00C04F79EFBC}") = "Basicprograms", "Basicprograms.csproj", "{1CCFDE31-9234-45B6-9759-7E6CABCDBA8B}"
EndProject
Global
	GlobalSection(SolutionConfigurationPlatforms) = preSolution
		Debug|Any CPU = Debug|Any CPU
		Release|Any CPU = Release|Any CPU
	EndGlobalSection
	GlobalSection(ProjectConfigurationPlatforms) = postSolution
		{1CCFDE31-9234-45B6-9759-7E6CABCDBA8B}.Debug|Any CPU.ActiveCfg = Debug|Any CPU
		{1CCFDE31-9234-45B6-9759-7E6CABCDBA8B}.Debug|Any CPU.Build.0 = Debug|Any CPU
		{1CCFDE31-9234-45B6-9759-7E6CABCDBA8B}.Release|Any CPU.ActiveCfg = Release|Any CPU
		{1CCFDE31-9234-45B6-9759-7E6CABCDBA8B}.Release|Any CPU.Build.0 = Release|Any CPU
	EndGlobalSection
	GlobalSection(SolutionProperties) = preSolution
		HideSolutionNode = FALSE
	EndGlobalSection
	GlobalSection(ExtensibilityGlobals) = postSolution
		SolutionGuid = {E40C8097-0654-48C1-A190-749A041ED2AD}
	EndGlobalSection
EndGlobal
